
Microsoft Visual Studio Solution File, Format Version 12.00
Project("{FAE04EC0-301F-11D3-BF4B-00C04F79EFBC}") = "eUseControl.BussinessLogic", "eUseControl.BussinessLogic\eUseControl.BussinessLogic.csproj", "{9E427768-846E-4A82-8BB1-48AE215A4DF2}"
EndProject
Project("{FAE04EC0-301F-11D3-BF4B-00C04F79EFBC}") = "eUseControl.Domain", "eUseControl.Domain\eUseControl.Domain.csproj", "{EE056A7D-E631-4B6A-9314-26B6CEAC764D}"
EndProject
Project("{FAE04EC0-301F-11D3-BF4B-00C04F79EFBC}") = "EUseControl.DataAccess", "EUseControl.DataAccess\EUseControl.DataAccess.csproj", "{EA231972-240E-4231-8791-67641C8BAADF}"
EndProject
Project("{FAE04EC0-301F-11D3-BF4B-00C04F79EFBC}") = "eUseControl.Api", "eUseControl.Api\eUseControl.Api.csproj", "{8F2E1AD5-00B3-496C-A3A2-CEE1EF1B71AF}"
EndProject
Global
	GlobalSection(SolutionConfigurationPlatforms) = preSolution
		Debug|Any CPU = Debug|Any CPU
		Debug|x64 = Debug|x64
		Debug|x86 = Debug|x86
		Release|Any CPU = Release|Any CPU
		Release|x64 = Release|x64
		Release|x86 = Release|x86
	EndGlobalSection
	GlobalSection(ProjectConfigurationPlatforms) = postSolution
		{9E427768-846E-4A82-8BB1-48AE215A4DF2}.Debug|Any CPU.ActiveCfg = Debug|Any CPU
		{9E427768-846E-4A82-8BB1-48AE215A4DF2}.Debug|Any CPU.Build.0 = Debug|Any CPU
		{9E427768-846E-4A82-8BB1-48AE215A4DF2}.Debug|x64.ActiveCfg = Debug|Any CPU
		{9E427768-846E-4A82-8BB1-48AE215A4DF2}.Debug|x64.Build.0 = Debug|Any CPU
		{9E427768-846E-4A82-8BB1-48AE215A4DF2}.Debug|x86.ActiveCfg = Debug|Any CPU
		{9E427768-846E-4A82-8BB1-48AE215A4DF2}.Debug|x86.Build.0 = Debug|Any CPU
		{9E427768-846E-4A82-8BB1-48AE215A4DF2}.Release|Any CPU.ActiveCfg = Release|Any CPU
		{9E427768-846E-4A82-8BB1-48AE215A4DF2}.Release|Any CPU.Build.0 = Release|Any CPU
		{9E427768-846E-4A82-8BB1-48AE215A4DF2}.Release|x64.ActiveCfg = Release|Any CPU
		{9E427768-846E-4A82-8BB1-48AE215A4DF2}.Release|x64.Build.0 = Release|Any CPU
		{9E427768-846E-4A82-8BB1-48AE215A4DF2}.Release|x86.ActiveCfg = Release|Any CPU
		{9E427768-846E-4A82-8BB1-48AE215A4DF2}.Release|x86.Build.0 = Release|Any CPU
		{EE056A7D-E631-4B6A-9314-26B6CEAC764D}.Debug|Any CPU.ActiveCfg = Debug|Any CPU
		{EE056A7D-E631-4B6A-9314-26B6CEAC764D}.Debug|Any CPU.Build.0 = Debug|Any CPU
		{EE056A7D-E631-4B6A-9314-26B6CEAC764D}.Debug|x64.ActiveCfg = Debug|Any CPU
		{EE056A7D-E631-4B6A-9314-26B6CEAC764D}.Debug|x64.Build.0 = Debug|Any CPU
		{EE056A7D-E631-4B6A-9314-26B6CEAC764D}.Debug|x86.ActiveCfg = Debug|Any CPU
		{EE056A7D-E631-4B6A-9314-26B6CEAC764D}.Debug|x86.Build.0 = Debug|Any CPU
		{EE056A7D-E631-4B6A-9314-26B6CEAC764D}.Release|Any CPU.ActiveCfg = Release|Any CPU
		{EE056A7D-E631-4B6A-9314-26B6CEAC764D}.Release|Any CPU.Build.0 = Release|Any CPU
		{EE056A7D-E631-4B6A-9314-26B6CEAC764D}.Release|x64.ActiveCfg = Release|Any CPU
		{EE056A7D-E631-4B6A-9314-26B6CEAC764D}.Release|x64.Build.0 = Release|Any CPU
		{EE056A7D-E631-4B6A-9314-26B6CEAC764D}.Release|x86.ActiveCfg = Release|Any CPU
		{EE056A7D-E631-4B6A-9314-26B6CEAC764D}.Release|x86.Build.0 = Release|Any CPU
		{EA231972-240E-4231-8791-67641C8BAADF}.Debug|Any CPU.ActiveCfg = Debug|Any CPU
		{EA231972-240E-4231-8791-67641C8BAADF}.Debug|Any CPU.Build.0 = Debug|Any CPU
		{EA231972-240E-4231-8791-67641C8BAADF}.Debug|x64.ActiveCfg = Debug|Any CPU
		{EA231972-240E-4231-8791-67641C8BAADF}.Debug|x64.Build.0 = Debug|Any CPU
		{EA231972-240E-4231-8791-67641C8BAADF}.Debug|x86.ActiveCfg = Debug|Any CPU
		{EA231972-240E-4231-8791-67641C8BAADF}.Debug|x86.Build.0 = Debug|Any CPU
		{EA231972-240E-4231-8791-67641C8BAADF}.Release|Any CPU.ActiveCfg = Release|Any CPU
		{EA231972-240E-4231-8791-67641C8BAADF}.Release|Any CPU.Build.0 = Release|Any CPU
		{EA231972-240E-4231-8791-67641C8BAADF}.Release|x64.ActiveCfg = Release|Any CPU
		{EA231972-240E-4231-8791-67641C8BAADF}.Release|x64.Build.0 = Release|Any CPU
		{EA231972-240E-4231-8791-67641C8BAADF}.Release|x86.ActiveCfg = Release|Any CPU
		{EA231972-240E-4231-8791-67641C8BAADF}.Release|x86.Build.0 = Release|Any CPU
		{8F2E1AD5-00B3-496C-A3A2-CEE1EF1B71AF}.Debug|Any CPU.ActiveCfg = Debug|Any CPU
		{8F2E1AD5-00B3-496C-A3A2-CEE1EF1B71AF}.Debug|Any CPU.Build.0 = Debug|Any CPU
		{8F2E1AD5-00B3-496C-A3A2-CEE1EF1B71AF}.Debug|x64.ActiveCfg = Debug|Any CPU
		{8F2E1AD5-00B3-496C-A3A2-CEE1EF1B71AF}.Debug|x64.Build.0 = Debug|Any CPU
		{8F2E1AD5-00B3-496C-A3A2-CEE1EF1B71AF}.Debug|x86.ActiveCfg = Debug|Any CPU
		{8F2E1AD5-00B3-496C-A3A2-CEE1EF1B71AF}.Debug|x86.Build.0 = Debug|Any CPU
		{8F2E1AD5-00B3-496C-A3A2-CEE1EF1B71AF}.Release|Any CPU.ActiveCfg = Release|Any CPU
		{8F2E1AD5-00B3-496C-A3A2-CEE1EF1B71AF}.Release|Any CPU.Build.0 = Release|Any CPU
		{8F2E1AD5-00B3-496C-A3A2-CEE1EF1B71AF}.Release|x64.ActiveCfg = Release|Any CPU
		{8F2E1AD5-00B3-496C-A3A2-CEE1EF1B71AF}.Release|x64.Build.0 = Release|Any CPU
		{8F2E1AD5-00B3-496C-A3A2-CEE1EF1B71AF}.Release|x86.ActiveCfg = Release|Any CPU
		{8F2E1AD5-00B3-496C-A3A2-CEE1EF1B71AF}.Release|x86.Build.0 = Release|Any CPU
	EndGlobalSection
	GlobalSection(SolutionProperties) = preSolution
		HideSolutionNode = FALSE
	EndGlobalSection
EndGlobal
